// !$*UTF8*$!
{
	archiveVersion = 1;
	classes = {
	};
	objectVersion = 77;
	objects = {

/* Begin PBXBuildFile section */
		006C52B3ADEEF3D12108EE95 /* ShowCoverLifecycleTests.swift in Sources */ = {isa = PBXBuildFile; fileRef = EB7334C72BD3BCF80D90BE2E /* ShowCoverLifecycleTests.swift */; };
		0680B0F4DCCA5ED3CA8201A2 /* WidgetCoverCache.swift in Sources */ = {isa = PBXBuildFile; fileRef = FC88B131340D8D75A67FC768 /* WidgetCoverCache.swift */; };
		0748C5592484B1591075BD93 /* CurrentShowEndPolicy.swift in Sources */ = {isa = PBXBuildFile; fileRef = 5824EA0E534802C56ED70E8A /* CurrentShowEndPolicy.swift */; };
		0C8F58FF0811E9E5B48327B6 /* HomeShowPhase.swift in Sources */ = {isa = PBXBuildFile; fileRef = 13FA246F6A2CD9BBD76F12B3 /* HomeShowPhase.swift */; };
		12DBB9D4A998EAE716094037 /* ShowPreparationTests.swift in Sources */ = {isa = PBXBuildFile; fileRef = 85D3374BAAA8ECAB79C9E2E9 /* ShowPreparationTests.swift */; };
		12F9177D8A12B3AB9D7612A4 /* ShowDraftTests.swift in Sources */ = {isa = PBXBuildFile; fileRef = 592FC3FE627DEF914C6E09D6 /* ShowDraftTests.swift */; };
		1334653173495DE07B7DF546 /* BeforeShowWidgets.appex in Embed Foundation Extensions */ = {isa = PBXBuildFile; fileRef = 7B46048CB6FE0401F7494316 /* BeforeShowWidgets.appex */; settings = {ATTRIBUTES = (RemoveHeadersOnCopy, ); }; };
		139793E7F8784E714606B08D /* WidgetTimelinePlanner.swift in Sources */ = {isa = PBXBuildFile; fileRef = BA1A165A2C555CC97C803683 /* WidgetTimelinePlanner.swift */; };
		194DC2CFE086968B6F011C25 /* CurrentShowTimeState.swift in Sources */ = {isa = PBXBuildFile; fileRef = 4B39A4E64872B01B1D5ACD2C /* CurrentShowTimeState.swift */; };
		1B7BAAB5C6DC9FCFE8EB69DE /* ShowModelTests.swift in Sources */ = {isa = PBXBuildFile; fileRef = 38E5DDD2EE32C1C5BF52E6F3 /* ShowModelTests.swift */; };
		1F047CED4708699FA398A12E /* SettingsSupport.swift in Sources */ = {isa = PBXBuildFile; fileRef = A5AD2F8D4B9AC761E5BB0BAD /* SettingsSupport.swift */; };
		2799BE17D85CCFE1EC0A5444 /* CurrentShowSessionTests.swift in Sources */ = {isa = PBXBuildFile; fileRef = 3CA495B67F0985C5F9EE88B4 /* CurrentShowSessionTests.swift */; };
		298AA52E59C6A63900222197 /* ShowLiveActivity.swift in Sources */ = {isa = PBXBuildFile; fileRef = 93756E7EEFF577D4B2A54093 /* ShowLiveActivity.swift */; };
		395F372A1231776B7608FEA4 /* Show.swift in Sources */ = {isa = PBXBuildFile; fileRef = D8A5EEB027689D8D88E05F1A /* Show.swift */; };
		479EDB16C034E37FCA30ACD0 /* LocalNotificationSchedulingTests.swift in Sources */ = {isa = PBXBuildFile; fileRef = 6EDA0EA772B60E3B5CF21C92 /* LocalNotificationSchedulingTests.swift */; };
		47A3CC86422EA3F3150AC7AF /* ShowDraft.swift in Sources */ = {isa = PBXBuildFile; fileRef = C0A0421057F8045FB5ADF9CD /* ShowDraft.swift */; };
		4CFD3DA4D303E56FBEAB652E /* ShowMutationCoordinator.swift in Sources */ = {isa = PBXBuildFile; fileRef = 531B87AA853C466F5E904011 /* ShowMutationCoordinator.swift */; };
		4D79041F40B7E7FE362B6FCF /* Assets.xcassets in Resources */ = {isa = PBXBuildFile; fileRef = 110F8472E019906BAFF8FB73 /* Assets.xcassets */; };
		5964AE8011162EC47BB941C1 /* FootprintDebugSeeder.swift in Sources */ = {isa = PBXBuildFile; fileRef = 6607F52E4DEE35764AFF0EB9 /* FootprintDebugSeeder.swift */; };
		5A8AF2CF74CA5D6E9A78E2B4 /* WidgetCoverCache.swift in Sources */ = {isa = PBXBuildFile; fileRef = FC88B131340D8D75A67FC768 /* WidgetCoverCache.swift */; };
		5BB2F65C49A077E5B8BAD207 /* CurrentShowTimeState.swift in Sources */ = {isa = PBXBuildFile; fileRef = 4B39A4E64872B01B1D5ACD2C /* CurrentShowTimeState.swift */; };
		608E14A38ED2DED1CAE15474 /* ShowLiveActivityAttributes.swift in Sources */ = {isa = PBXBuildFile; fileRef = FB322889B3E6C99CC494F371 /* ShowLiveActivityAttributes.swift */; };
		61FAC4B071F8678AF24A4811 /* CompanionSharingTests.swift in Sources */ = {isa = PBXBuildFile; fileRef = 57F2D8F6A90267B485B815DD /* CompanionSharingTests.swift */; };
		630D46A29F90B296BE998CDA /* ShowLinkParsingService.swift in Sources */ = {isa = PBXBuildFile; fileRef = 637E5E5108E5B501E98D87E2 /* ShowLinkParsingService.swift */; };
		632162FBDC297B15A3177ABA /* WidgetShowSnapshot.swift in Sources */ = {isa = PBXBuildFile; fileRef = 921D23A27473F26969BB142A /* WidgetShowSnapshot.swift */; };
		689BEC3D340B67A07D1914F1 /* BeforeShowTab.swift in Sources */ = {isa = PBXBuildFile; fileRef = CBAAF5AA9E30BFB8C74BB2FD /* BeforeShowTab.swift */; };
		6B7842578C77CA426C4DF7B8 /* LiveActivityPlanner.swift in Sources */ = {isa = PBXBuildFile; fileRef = 6E093EF6A3D3EBC5FFA65129 /* LiveActivityPlanner.swift */; };
		6BA26BDCA5AF6CA2C335AAB3 /* LiveActivityPlanner.swift in Sources */ = {isa = PBXBuildFile; fileRef = 6E093EF6A3D3EBC5FFA65129 /* LiveActivityPlanner.swift */; };
		70F6EEDA00AF78AFD8A3213D /* HomeShowPhase.swift in Sources */ = {isa = PBXBuildFile; fileRef = 13FA246F6A2CD9BBD76F12B3 /* HomeShowPhase.swift */; };
		7271D905B1F2AF6141262DE1 /* VenueAddressAutocompleteTests.swift in Sources */ = {isa = PBXBuildFile; fileRef = E9FF563A82B32DE497937094 /* VenueAddressAutocompleteTests.swift */; };
		727508C356644EA972FD2107 /* FootprintArchiveTests.swift in Sources */ = {isa = PBXBuildFile; fileRef = E3579A72CB30A5394056D930 /* FootprintArchiveTests.swift */; };
		77C9261C8C7EF065C6EFC2E6 /* CompanionSharing.swift in Sources */ = {isa = PBXBuildFile; fileRef = DB6949FEE6731277E17AD80D /* CompanionSharing.swift */; };
		79018BC2864D314C6A1D2711 /* HomeCountdownCard.swift in Sources */ = {isa = PBXBuildFile; fileRef = 9A30915160ECAEE9BE3BB96F /* HomeCountdownCard.swift */; };
		7A9596E946899003C48A41C2 /* CountdownWidgetViews.swift in Sources */ = {isa = PBXBuildFile; fileRef = 6B4598A90A4B87490D2AB557 /* CountdownWidgetViews.swift */; };
		7CA33D55E88AC51774233A2C /* VenueAddressAutocomplete.swift in Sources */ = {isa = PBXBuildFile; fileRef = 9542E99DA37DDB58B9023646 /* VenueAddressAutocomplete.swift */; };
		8240F9A3E6F5796938081D84 /* ArchitectureModuleTests.swift in Sources */ = {isa = PBXBuildFile; fileRef = B40ADB400165868D3BD720F1 /* ArchitectureModuleTests.swift */; };
		8245DA7CF2D917097ED185AA /* ShowLiveActivityAttributes.swift in Sources */ = {isa = PBXBuildFile; fileRef = FB322889B3E6C99CC494F371 /* ShowLiveActivityAttributes.swift */; };
		8C985CBE71C9140C5217E52E /* FootprintsArchive.swift in Sources */ = {isa = PBXBuildFile; fileRef = DB790C703B76795E38524872 /* FootprintsArchive.swift */; };
		8E10204EA13439857D3BAB41 /* SettingsViews.swift in Sources */ = {isa = PBXBuildFile; fileRef = 31905CD68D1965DAF5837001 /* SettingsViews.swift */; };
		90262D5A64C22DAE56C48F2F /* WidgetSnapshotTests.swift in Sources */ = {isa = PBXBuildFile; fileRef = 85A35737334710F22FC0B3BA /* WidgetSnapshotTests.swift */; };
		949B381C18AC939AD86218E7 /* LaunchScreen.storyboard in Resources */ = {isa = PBXBuildFile; fileRef = 70EA39AEEA47B90F87C8C06B /* LaunchScreen.storyboard */; };
		94FD1E49ECEE4FF062056C9F /* BeforeShowCloudClient.swift in Sources */ = {isa = PBXBuildFile; fileRef = 393E3B4067A0FA1719B03785 /* BeforeShowCloudClient.swift */; };
		9B3E6B8021D823C35B2F9F25 /* BeforeShowApp.swift in Sources */ = {isa = PBXBuildFile; fileRef = 9B5064C4179FE142296E2209 /* BeforeShowApp.swift */; };
		9DA1241BEB689DC0F074544C /* CompanionSharingCoordinator.swift in Sources */ = {isa = PBXBuildFile; fileRef = 3F9A8F6695FDD2D517116385 /* CompanionSharingCoordinator.swift */; };
		9E85BC62D53B4E1C8D6899B6 /* ShowLibraryViews.swift in Sources */ = {isa = PBXBuildFile; fileRef = C0729A705020866C5879AC10 /* ShowLibraryViews.swift */; };
		A2D92809F744D908571FE9B3 /* CurrentShowEndConfirmationSheet.swift in Sources */ = {isa = PBXBuildFile; fileRef = EA740D11D951D10C53AEA74E /* CurrentShowEndConfirmationSheet.swift */; };
		B14FADC83922B86F8AF056CD /* SplashView.swift in Sources */ = {isa = PBXBuildFile; fileRef = 1E734306A59957CC4ADA9E53 /* SplashView.swift */; };
		B65469936BAFFAAA46A44717 /* ProSubscription.swift in Sources */ = {isa = PBXBuildFile; fileRef = 2FE67D3C465434DE777F0898 /* ProSubscription.swift */; };
		B7ED77892B5A660C67ED731A /* BeforeShow.storekit in Resources */ = {isa = PBXBuildFile; fileRef = A81A4C22100811A21DBD95FF /* BeforeShow.storekit */; };
		BA8FFCFDC791D184272AB7BC /* CurrentShowSelectionTests.swift in Sources */ = {isa = PBXBuildFile; fileRef = 16BC0D41B89058E361123A3F /* CurrentShowSelectionTests.swift */; };
		C1E2DDC9E276A03A4531EE61 /* ExternalMapAppsTests.swift in Sources */ = {isa = PBXBuildFile; fileRef = B9237AAAE186762F9E1CEDF9 /* ExternalMapAppsTests.swift */; };
		C332BC3929EFC7AF98DDEB54 /* WidgetTimelinePlanner.swift in Sources */ = {isa = PBXBuildFile; fileRef = BA1A165A2C555CC97C803683 /* WidgetTimelinePlanner.swift */; };
		C6441D4D225A08FC7C58412F /* AddShowFlowViews.swift in Sources */ = {isa = PBXBuildFile; fileRef = 2D1D3D4BCD52AAAA728AB9F9 /* AddShowFlowViews.swift */; };
		C990EFFAAE6BB33C53D8C335 /* HomeHeroPresentation.swift in Sources */ = {isa = PBXBuildFile; fileRef = C3B7AEA73682AAEA0BF9493D /* HomeHeroPresentation.swift */; };
		CBA501D5DB755FE43736114D /* ShowDetailViews.swift in Sources */ = {isa = PBXBuildFile; fileRef = FD402AA7F12E05E078FC4661 /* ShowDetailViews.swift */; };
		CCEC11CAC80F6EF000172B2C /* ShowTimingFields.swift in Sources */ = {isa = PBXBuildFile; fileRef = CA3B00DAA4DCAC5C577BB3A9 /* ShowTimingFields.swift */; };
		CD2AB94968CCFEF1E39B21B9 /* ShowTimingFields.swift in Sources */ = {isa = PBXBuildFile; fileRef = CA3B00DAA4DCAC5C577BB3A9 /* ShowTimingFields.swift */; };
		CF31DDE4B888DB64B67A3516 /* DesignSystem.swift in Sources */ = {isa = PBXBuildFile; fileRef = 2650F28DC4DC2E2C0D468854 /* DesignSystem.swift */; };
		CF368D664AB88721779E5AE4 /* CloudSharingView.swift in Sources */ = {isa = PBXBuildFile; fileRef = C6F781E3CB45DCFDC26A8EB8 /* CloudSharingView.swift */; };
		CFBA48A9F5914681A0F72619 /* CurrentShowSelection.swift in Sources */ = {isa = PBXBuildFile; fileRef = 35904BA1807090113AACEA99 /* CurrentShowSelection.swift */; };
		D0CAA6CCFC38B58EEFE57650 /* ExternalMapApps.swift in Sources */ = {isa = PBXBuildFile; fileRef = B9CCCE279B3F6D628C653304 /* ExternalMapApps.swift */; };
		D51A452A0E71B0D4F3A2D44D /* CurrentShowTimeState+Show.swift in Sources */ = {isa = PBXBuildFile; fileRef = C804DCEABFFBD7D0B1A3CA67 /* CurrentShowTimeState+Show.swift */; };
		D8563EE0464C5D66ABA6C679 /* NavigationTests.swift in Sources */ = {isa = PBXBuildFile; fileRef = 45468E7A647F2ACE2EA3D71A /* NavigationTests.swift */; };
		DD566A77F9761313031AA027 /* ProSubscriptionTests.swift in Sources */ = {isa = PBXBuildFile; fileRef = C0842106D34D68F9F62645A6 /* ProSubscriptionTests.swift */; };
		DECE494ED0475E5DCF8BF357 /* WidgetDataSync.swift in Sources */ = {isa = PBXBuildFile; fileRef = 30700E5D0F3D1280A63391FD /* WidgetDataSync.swift */; };
		E5A4DE2182723069FA70EE03 /* CurrentShowFollowUpPolicy.swift in Sources */ = {isa = PBXBuildFile; fileRef = 69BEBAFA69F62B8D0714030D /* CurrentShowFollowUpPolicy.swift */; };
		E746F0E8E592F7AE15C15A0B /* CountdownWidget.swift in Sources */ = {isa = PBXBuildFile; fileRef = 2ACF97DF4FB82150D04E8ED3 /* CountdownWidget.swift */; };
		EADE1D7178E75E6D3AEB0604 /* LocalNotificationScheduling.swift in Sources */ = {isa = PBXBuildFile; fileRef = 1D6F2494FF7582D66AD8BDF0 /* LocalNotificationScheduling.swift */; };
		EB86A04317E0AACC2246AD8F /* BeforeShowCloudClientTests.swift in Sources */ = {isa = PBXBuildFile; fileRef = DFDB001AD89D32CEDC33E72F /* BeforeShowCloudClientTests.swift */; };
		F0C061B50A78016F5B585543 /* BeforeShowWidgetsBundle.swift in Sources */ = {isa = PBXBuildFile; fileRef = B390029F19DC289F4E312F73 /* BeforeShowWidgetsBundle.swift */; };
		F557084DF860A0A68B719BE9 /* CurrentShowSession.swift in Sources */ = {isa = PBXBuildFile; fileRef = 1472DE4B09E75FD9393AFC21 /* CurrentShowSession.swift */; };
		F738A9FA230B8101EE2FCAC3 /* RootView.swift in Sources */ = {isa = PBXBuildFile; fileRef = B829025F40E3B3F6C89F80E1 /* RootView.swift */; };
		FD5DA7B7C313D0D3EFFEA326 /* WidgetShowSnapshot.swift in Sources */ = {isa = PBXBuildFile; fileRef = 921D23A27473F26969BB142A /* WidgetShowSnapshot.swift */; };
/* End PBXBuildFile section */

/* Begin PBXContainerItemProxy section */
		1340DC855EB7EE81346920C6 /* PBXContainerItemProxy */ = {
			isa = PBXContainerItemProxy;
			containerPortal = 6EC6B2E889E3E384A04F7B02 /* Project object */;
			proxyType = 1;
			remoteGlobalIDString = 79B995B62EEB9BEEAFC36974;
			remoteInfo = BeforeShowWidgets;
		};
		494F33EDCEBAD3534B51A9B5 /* PBXContainerItemProxy */ = {
			isa = PBXContainerItemProxy;
			containerPortal = 6EC6B2E889E3E384A04F7B02 /* Project object */;
			proxyType = 1;
			remoteGlobalIDString = 121B05C45B2E4060AF0830C8;
			remoteInfo = BeforeShow;
		};
/* End PBXContainerItemProxy section */

/* Begin PBXCopyFilesBuildPhase section */
		E24301EC7CA95F8697ADA970 /* Embed Foundation Extensions */ = {
			isa = PBXCopyFilesBuildPhase;
			buildActionMask = 2147483647;
			dstPath = "";
			dstSubfolderSpec = 13;
			files = (
				1334653173495DE07B7DF546 /* BeforeShowWidgets.appex in Embed Foundation Extensions */,
			);
			name = "Embed Foundation Extensions";
			runOnlyForDeploymentPostprocessing = 0;
		};
/* End PBXCopyFilesBuildPhase section */

/* Begin PBXFileReference section */
		110F8472E019906BAFF8FB73 /* Assets.xcassets */ = {isa = PBXFileReference; lastKnownFileType = folder.assetcatalog; path = Assets.xcassets; sourceTree = "<group>"; };
		13FA246F6A2CD9BBD76F12B3 /* HomeShowPhase.swift */ = {isa = PBXFileReference; lastKnownFileType = sourcecode.swift; path = HomeShowPhase.swift; sourceTree = "<group>"; };
		1472DE4B09E75FD9393AFC21 /* CurrentShowSession.swift */ = {isa = PBXFileReference; lastKnownFileType = sourcecode.swift; path = CurrentShowSession.swift; sourceTree = "<group>"; };
		14F49F8632C4C82CF888C346 /* BeforeShowTests.xctest */ = {isa = PBXFileReference; includeInIndex = 0; lastKnownFileType = wrapper.cfbundle; path = BeforeShowTests.xctest; sourceTree = BUILT_PRODUCTS_DIR; };
		16BC0D41B89058E361123A3F /* CurrentShowSelectionTests.swift */ = {isa = PBXFileReference; lastKnownFileType = sourcecode.swift; path = CurrentShowSelectionTests.swift; sourceTree = "<group>"; };
		1D6F2494FF7582D66AD8BDF0 /* LocalNotificationScheduling.swift */ = {isa = PBXFileReference; lastKnownFileType = sourcecode.swift; path = LocalNotificationScheduling.swift; sourceTree = "<group>"; };
		1E734306A59957CC4ADA9E53 /* SplashView.swift */ = {isa = PBXFileReference; lastKnownFileType = sourcecode.swift; path = SplashView.swift; sourceTree = "<group>"; };
		2650F28DC4DC2E2C0D468854 /* DesignSystem.swift */ = {isa = PBXFileReference; lastKnownFileType = sourcecode.swift; path = DesignSystem.swift; sourceTree = "<group>"; };
		2ACF97DF4FB82150D04E8ED3 /* CountdownWidget.swift */ = {isa = PBXFileReference; lastKnownFileType = sourcecode.swift; path = CountdownWidget.swift; sourceTree = "<group>"; };
		2D1D3D4BCD52AAAA728AB9F9 /* AddShowFlowViews.swift */ = {isa = PBXFileReference; lastKnownFileType = sourcecode.swift; path = AddShowFlowViews.swift; sourceTree = "<group>"; };
		2FE67D3C465434DE777F0898 /* ProSubscription.swift */ = {isa = PBXFileReference; lastKnownFileType = sourcecode.swift; path = ProSubscription.swift; sourceTree = "<group>"; };
		30700E5D0F3D1280A63391FD /* WidgetDataSync.swift */ = {isa = PBXFileReference; lastKnownFileType = sourcecode.swift; path = WidgetDataSync.swift; sourceTree = "<group>"; };
		31905CD68D1965DAF5837001 /* SettingsViews.swift */ = {isa = PBXFileReference; lastKnownFileType = sourcecode.swift; path = SettingsViews.swift; sourceTree = "<group>"; };
		35904BA1807090113AACEA99 /* CurrentShowSelection.swift */ = {isa = PBXFileReference; lastKnownFileType = sourcecode.swift; path = CurrentShowSelection.swift; sourceTree = "<group>"; };
		38E5DDD2EE32C1C5BF52E6F3 /* ShowModelTests.swift */ = {isa = PBXFileReference; lastKnownFileType = sourcecode.swift; path = ShowModelTests.swift; sourceTree = "<group>"; };
		393E3B4067A0FA1719B03785 /* BeforeShowCloudClient.swift */ = {isa = PBXFileReference; lastKnownFileType = sourcecode.swift; path = BeforeShowCloudClient.swift; sourceTree = "<group>"; };
		3CA495B67F0985C5F9EE88B4 /* CurrentShowSessionTests.swift */ = {isa = PBXFileReference; lastKnownFileType = sourcecode.swift; path = CurrentShowSessionTests.swift; sourceTree = "<group>"; };
		3F9A8F6695FDD2D517116385 /* CompanionSharingCoordinator.swift */ = {isa = PBXFileReference; lastKnownFileType = sourcecode.swift; path = CompanionSharingCoordinator.swift; sourceTree = "<group>"; };
		45468E7A647F2ACE2EA3D71A /* NavigationTests.swift */ = {isa = PBXFileReference; lastKnownFileType = sourcecode.swift; path = NavigationTests.swift; sourceTree = "<group>"; };
		4A051577C2F323E226F0FB3F /* BeforeShowWidgets.entitlements */ = {isa = PBXFileReference; lastKnownFileType = text.plist.entitlements; path = BeforeShowWidgets.entitlements; sourceTree = "<group>"; };
		4B39A4E64872B01B1D5ACD2C /* CurrentShowTimeState.swift */ = {isa = PBXFileReference; lastKnownFileType = sourcecode.swift; path = CurrentShowTimeState.swift; sourceTree = "<group>"; };
		531B87AA853C466F5E904011 /* ShowMutationCoordinator.swift */ = {isa = PBXFileReference; lastKnownFileType = sourcecode.swift; path = ShowMutationCoordinator.swift; sourceTree = "<group>"; };
		57F2D8F6A90267B485B815DD /* CompanionSharingTests.swift */ = {isa = PBXFileReference; lastKnownFileType = sourcecode.swift; path = CompanionSharingTests.swift; sourceTree = "<group>"; };
		5824EA0E534802C56ED70E8A /* CurrentShowEndPolicy.swift */ = {isa = PBXFileReference; lastKnownFileType = sourcecode.swift; path = CurrentShowEndPolicy.swift; sourceTree = "<group>"; };
		592FC3FE627DEF914C6E09D6 /* ShowDraftTests.swift */ = {isa = PBXFileReference; lastKnownFileType = sourcecode.swift; path = ShowDraftTests.swift; sourceTree = "<group>"; };
		637E5E5108E5B501E98D87E2 /* ShowLinkParsingService.swift */ = {isa = PBXFileReference; lastKnownFileType = sourcecode.swift; path = ShowLinkParsingService.swift; sourceTree = "<group>"; };
		6607F52E4DEE35764AFF0EB9 /* FootprintDebugSeeder.swift */ = {isa = PBXFileReference; lastKnownFileType = sourcecode.swift; path = FootprintDebugSeeder.swift; sourceTree = "<group>"; };
		697EFAA942B8BD5B37C63D98 /* BeforeShow.app */ = {isa = PBXFileReference; includeInIndex = 0; lastKnownFileType = wrapper.application; path = BeforeShow.app; sourceTree = BUILT_PRODUCTS_DIR; };
		69BEBAFA69F62B8D0714030D /* CurrentShowFollowUpPolicy.swift */ = {isa = PBXFileReference; lastKnownFileType = sourcecode.swift; path = CurrentShowFollowUpPolicy.swift; sourceTree = "<group>"; };
		6B4598A90A4B87490D2AB557 /* CountdownWidgetViews.swift */ = {isa = PBXFileReference; lastKnownFileType = sourcecode.swift; path = CountdownWidgetViews.swift; sourceTree = "<group>"; };
		6E093EF6A3D3EBC5FFA65129 /* LiveActivityPlanner.swift */ = {isa = PBXFileReference; lastKnownFileType = sourcecode.swift; path = LiveActivityPlanner.swift; sourceTree = "<group>"; };
		6EDA0EA772B60E3B5CF21C92 /* LocalNotificationSchedulingTests.swift */ = {isa = PBXFileReference; lastKnownFileType = sourcecode.swift; path = LocalNotificationSchedulingTests.swift; sourceTree = "<group>"; };
		70EA39AEEA47B90F87C8C06B /* LaunchScreen.storyboard */ = {isa = PBXFileReference; lastKnownFileType = file.storyboard; path = LaunchScreen.storyboard; sourceTree = "<group>"; };
		7B46048CB6FE0401F7494316 /* BeforeShowWidgets.appex */ = {isa = PBXFileReference; includeInIndex = 0; lastKnownFileType = "wrapper.app-extension"; path = BeforeShowWidgets.appex; sourceTree = BUILT_PRODUCTS_DIR; };
		85A35737334710F22FC0B3BA /* WidgetSnapshotTests.swift */ = {isa = PBXFileReference; lastKnownFileType = sourcecode.swift; path = WidgetSnapshotTests.swift; sourceTree = "<group>"; };
		85D3374BAAA8ECAB79C9E2E9 /* ShowPreparationTests.swift */ = {isa = PBXFileReference; lastKnownFileType = sourcecode.swift; path = ShowPreparationTests.swift; sourceTree = "<group>"; };
		86B88FC838D0220FA6ABE44B /* Info.plist */ = {isa = PBXFileReference; lastKnownFileType = text.plist; path = Info.plist; sourceTree = "<group>"; };
		921D23A27473F26969BB142A /* WidgetShowSnapshot.swift */ = {isa = PBXFileReference; lastKnownFileType = sourcecode.swift; path = WidgetShowSnapshot.swift; sourceTree = "<group>"; };
		93756E7EEFF577D4B2A54093 /* ShowLiveActivity.swift */ = {isa = PBXFileReference; lastKnownFileType = sourcecode.swift; path = ShowLiveActivity.swift; sourceTree = "<group>"; };
		9542E99DA37DDB58B9023646 /* VenueAddressAutocomplete.swift */ = {isa = PBXFileReference; lastKnownFileType = sourcecode.swift; path = VenueAddressAutocomplete.swift; sourceTree = "<group>"; };
		9A30915160ECAEE9BE3BB96F /* HomeCountdownCard.swift */ = {isa = PBXFileReference; lastKnownFileType = sourcecode.swift; path = HomeCountdownCard.swift; sourceTree = "<group>"; };
		9B5064C4179FE142296E2209 /* BeforeShowApp.swift */ = {isa = PBXFileReference; lastKnownFileType = sourcecode.swift; path = BeforeShowApp.swift; sourceTree = "<group>"; };
		A5AD2F8D4B9AC761E5BB0BAD /* SettingsSupport.swift */ = {isa = PBXFileReference; lastKnownFileType = sourcecode.swift; path = SettingsSupport.swift; sourceTree = "<group>"; };
		A81A4C22100811A21DBD95FF /* BeforeShow.storekit */ = {isa = PBXFileReference; path = BeforeShow.storekit; sourceTree = "<group>"; };
		B390029F19DC289F4E312F73 /* BeforeShowWidgetsBundle.swift */ = {isa = PBXFileReference; lastKnownFileType = sourcecode.swift; path = BeforeShowWidgetsBundle.swift; sourceTree = "<group>"; };
		B40ADB400165868D3BD720F1 /* ArchitectureModuleTests.swift */ = {isa = PBXFileReference; lastKnownFileType = sourcecode.swift; path = ArchitectureModuleTests.swift; sourceTree = "<group>"; };
		B829025F40E3B3F6C89F80E1 /* RootView.swift */ = {isa = PBXFileReference; lastKnownFileType = sourcecode.swift; path = RootView.swift; sourceTree = "<group>"; };
		B9237AAAE186762F9E1CEDF9 /* ExternalMapAppsTests.swift */ = {isa = PBXFileReference; lastKnownFileType = sourcecode.swift; path = ExternalMapAppsTests.swift; sourceTree = "<group>"; };
		B9CCCE279B3F6D628C653304 /* ExternalMapApps.swift */ = {isa = PBXFileReference; lastKnownFileType = sourcecode.swift; path = ExternalMapApps.swift; sourceTree = "<group>"; };
		BA1A165A2C555CC97C803683 /* WidgetTimelinePlanner.swift */ = {isa = PBXFileReference; lastKnownFileType = sourcecode.swift; path = WidgetTimelinePlanner.swift; sourceTree = "<group>"; };
		C0729A705020866C5879AC10 /* ShowLibraryViews.swift */ = {isa = PBXFileReference; lastKnownFileType = sourcecode.swift; path = ShowLibraryViews.swift; sourceTree = "<group>"; };
		C0842106D34D68F9F62645A6 /* ProSubscriptionTests.swift */ = {isa = PBXFileReference; lastKnownFileType = sourcecode.swift; path = ProSubscriptionTests.swift; sourceTree = "<group>"; };
		C0A0421057F8045FB5ADF9CD /* ShowDraft.swift */ = {isa = PBXFileReference; lastKnownFileType = sourcecode.swift; path = ShowDraft.swift; sourceTree = "<group>"; };
		C3B7AEA73682AAEA0BF9493D /* HomeHeroPresentation.swift */ = {isa = PBXFileReference; lastKnownFileType = sourcecode.swift; path = HomeHeroPresentation.swift; sourceTree = "<group>"; };
		C6F781E3CB45DCFDC26A8EB8 /* CloudSharingView.swift */ = {isa = PBXFileReference; lastKnownFileType = sourcecode.swift; path = CloudSharingView.swift; sourceTree = "<group>"; };
		C804DCEABFFBD7D0B1A3CA67 /* CurrentShowTimeState+Show.swift */ = {isa = PBXFileReference; lastKnownFileType = sourcecode.swift; path = "CurrentShowTimeState+Show.swift"; sourceTree = "<group>"; };
		CA3B00DAA4DCAC5C577BB3A9 /* ShowTimingFields.swift */ = {isa = PBXFileReference; lastKnownFileType = sourcecode.swift; path = ShowTimingFields.swift; sourceTree = "<group>"; };
		CBAAF5AA9E30BFB8C74BB2FD /* BeforeShowTab.swift */ = {isa = PBXFileReference; lastKnownFileType = sourcecode.swift; path = BeforeShowTab.swift; sourceTree = "<group>"; };
		CC7B98456FA55FEC5823B0DB /* BeforeShow.entitlements */ = {isa = PBXFileReference; lastKnownFileType = text.plist.entitlements; path = BeforeShow.entitlements; sourceTree = "<group>"; };
		D8A5EEB027689D8D88E05F1A /* Show.swift */ = {isa = PBXFileReference; lastKnownFileType = sourcecode.swift; path = Show.swift; sourceTree = "<group>"; };
		DB6949FEE6731277E17AD80D /* CompanionSharing.swift */ = {isa = PBXFileReference; lastKnownFileType = sourcecode.swift; path = CompanionSharing.swift; sourceTree = "<group>"; };
		DB790C703B76795E38524872 /* FootprintsArchive.swift */ = {isa = PBXFileReference; lastKnownFileType = sourcecode.swift; path = FootprintsArchive.swift; sourceTree = "<group>"; };
		DFDB001AD89D32CEDC33E72F /* BeforeShowCloudClientTests.swift */ = {isa = PBXFileReference; lastKnownFileType = sourcecode.swift; path = BeforeShowCloudClientTests.swift; sourceTree = "<group>"; };
		E3579A72CB30A5394056D930 /* FootprintArchiveTests.swift */ = {isa = PBXFileReference; lastKnownFileType = sourcecode.swift; path = FootprintArchiveTests.swift; sourceTree = "<group>"; };
		E9FF563A82B32DE497937094 /* VenueAddressAutocompleteTests.swift */ = {isa = PBXFileReference; lastKnownFileType = sourcecode.swift; path = VenueAddressAutocompleteTests.swift; sourceTree = "<group>"; };
		EA740D11D951D10C53AEA74E /* CurrentShowEndConfirmationSheet.swift */ = {isa = PBXFileReference; lastKnownFileType = sourcecode.swift; path = CurrentShowEndConfirmationSheet.swift; sourceTree = "<group>"; };
		EAFA3F00A0A65B874D9E157A /* Info.plist */ = {isa = PBXFileReference; lastKnownFileType = text.plist; path = Info.plist; sourceTree = "<group>"; };
		EB7334C72BD3BCF80D90BE2E /* ShowCoverLifecycleTests.swift */ = {isa = PBXFileReference; lastKnownFileType = sourcecode.swift; path = ShowCoverLifecycleTests.swift; sourceTree = "<group>"; };
		FB322889B3E6C99CC494F371 /* ShowLiveActivityAttributes.swift */ = {isa = PBXFileReference; lastKnownFileType = sourcecode.swift; path = ShowLiveActivityAttributes.swift; sourceTree = "<group>"; };
		FC88B131340D8D75A67FC768 /* WidgetCoverCache.swift */ = {isa = PBXFileReference; lastKnownFileType = sourcecode.swift; path = WidgetCoverCache.swift; sourceTree = "<group>"; };
		FD402AA7F12E05E078FC4661 /* ShowDetailViews.swift */ = {isa = PBXFileReference; lastKnownFileType = sourcecode.swift; path = ShowDetailViews.swift; sourceTree = "<group>"; };
/* End PBXFileReference section */

/* Begin PBXGroup section */
		2247F014724A1459EAA07D3B /* Supporting */ = {
			isa = PBXGroup;
			children = (
				86B88FC838D0220FA6ABE44B /* Info.plist */,
				70EA39AEEA47B90F87C8C06B /* LaunchScreen.storyboard */,
			);
			path = Supporting;
			sourceTree = "<group>";
		};
		41E8D1D22624358F35C05EC5 /* BeforeShow */ = {
			isa = PBXGroup;
			children = (
				2D1D3D4BCD52AAAA728AB9F9 /* AddShowFlowViews.swift */,
				CC7B98456FA55FEC5823B0DB /* BeforeShow.entitlements */,
				9B5064C4179FE142296E2209 /* BeforeShowApp.swift */,
				393E3B4067A0FA1719B03785 /* BeforeShowCloudClient.swift */,
				CBAAF5AA9E30BFB8C74BB2FD /* BeforeShowTab.swift */,
				C6F781E3CB45DCFDC26A8EB8 /* CloudSharingView.swift */,
				DB6949FEE6731277E17AD80D /* CompanionSharing.swift */,
				3F9A8F6695FDD2D517116385 /* CompanionSharingCoordinator.swift */,
				EA740D11D951D10C53AEA74E /* CurrentShowEndConfirmationSheet.swift */,
				5824EA0E534802C56ED70E8A /* CurrentShowEndPolicy.swift */,
				69BEBAFA69F62B8D0714030D /* CurrentShowFollowUpPolicy.swift */,
				35904BA1807090113AACEA99 /* CurrentShowSelection.swift */,
				1472DE4B09E75FD9393AFC21 /* CurrentShowSession.swift */,
				C804DCEABFFBD7D0B1A3CA67 /* CurrentShowTimeState+Show.swift */,
				2650F28DC4DC2E2C0D468854 /* DesignSystem.swift */,
				B9CCCE279B3F6D628C653304 /* ExternalMapApps.swift */,
				6607F52E4DEE35764AFF0EB9 /* FootprintDebugSeeder.swift */,
				DB790C703B76795E38524872 /* FootprintsArchive.swift */,
				9A30915160ECAEE9BE3BB96F /* HomeCountdownCard.swift */,
				C3B7AEA73682AAEA0BF9493D /* HomeHeroPresentation.swift */,
				1D6F2494FF7582D66AD8BDF0 /* LocalNotificationScheduling.swift */,
				2FE67D3C465434DE777F0898 /* ProSubscription.swift */,
				B829025F40E3B3F6C89F80E1 /* RootView.swift */,
				A5AD2F8D4B9AC761E5BB0BAD /* SettingsSupport.swift */,
				31905CD68D1965DAF5837001 /* SettingsViews.swift */,
				D8A5EEB027689D8D88E05F1A /* Show.swift */,
				FD402AA7F12E05E078FC4661 /* ShowDetailViews.swift */,
				C0A0421057F8045FB5ADF9CD /* ShowDraft.swift */,
				C0729A705020866C5879AC10 /* ShowLibraryViews.swift */,
				637E5E5108E5B501E98D87E2 /* ShowLinkParsingService.swift */,
				531B87AA853C466F5E904011 /* ShowMutationCoordinator.swift */,
				1E734306A59957CC4ADA9E53 /* SplashView.swift */,
				9542E99DA37DDB58B9023646 /* VenueAddressAutocomplete.swift */,
				30700E5D0F3D1280A63391FD /* WidgetDataSync.swift */,
				599DD07D5DDD3CC7F7B1C5F6 /* Resources */,
				2247F014724A1459EAA07D3B /* Supporting */,
			);
			path = BeforeShow;
			sourceTree = "<group>";
		};
		550DE4448A8D3D8B6390DB57 = {
			isa = PBXGroup;
			children = (
				41E8D1D22624358F35C05EC5 /* BeforeShow */,
				B1BDB2A71679EBBF679F8CA4 /* BeforeShowTests */,
				EA543C88EE263FE7B0883B9D /* BeforeShowWidgets */,
				B10AC63321B20F00A5923F2C /* Shared */,
				9FD6C1DD0F3A1E43AF87A723 /* Products */,
			);
			sourceTree = "<group>";
		};
		5965430D7BB8B89CFD8B854D /* Supporting */ = {
			isa = PBXGroup;
			children = (
				EAFA3F00A0A65B874D9E157A /* Info.plist */,
			);
			path = Supporting;
			sourceTree = "<group>";
		};
		599DD07D5DDD3CC7F7B1C5F6 /* Resources */ = {
			isa = PBXGroup;
			children = (
				110F8472E019906BAFF8FB73 /* Assets.xcassets */,
				A81A4C22100811A21DBD95FF /* BeforeShow.storekit */,
			);
			path = Resources;
			sourceTree = "<group>";
		};
		9FD6C1DD0F3A1E43AF87A723 /* Products */ = {
			isa = PBXGroup;
			children = (
				697EFAA942B8BD5B37C63D98 /* BeforeShow.app */,
				14F49F8632C4C82CF888C346 /* BeforeShowTests.xctest */,
				7B46048CB6FE0401F7494316 /* BeforeShowWidgets.appex */,
			);
			name = Products;
			sourceTree = "<group>";
		};
		B10AC63321B20F00A5923F2C /* Shared */ = {
			isa = PBXGroup;
			children = (
				4B39A4E64872B01B1D5ACD2C /* CurrentShowTimeState.swift */,
				13FA246F6A2CD9BBD76F12B3 /* HomeShowPhase.swift */,
				6E093EF6A3D3EBC5FFA65129 /* LiveActivityPlanner.swift */,
				FB322889B3E6C99CC494F371 /* ShowLiveActivityAttributes.swift */,
				CA3B00DAA4DCAC5C577BB3A9 /* ShowTimingFields.swift */,
				FC88B131340D8D75A67FC768 /* WidgetCoverCache.swift */,
				921D23A27473F26969BB142A /* WidgetShowSnapshot.swift */,
				BA1A165A2C555CC97C803683 /* WidgetTimelinePlanner.swift */,
			);
			path = Shared;
			sourceTree = "<group>";
		};
		B1BDB2A71679EBBF679F8CA4 /* BeforeShowTests */ = {
			isa = PBXGroup;
			children = (
				B40ADB400165868D3BD720F1 /* ArchitectureModuleTests.swift */,
				DFDB001AD89D32CEDC33E72F /* BeforeShowCloudClientTests.swift */,
				57F2D8F6A90267B485B815DD /* CompanionSharingTests.swift */,
				16BC0D41B89058E361123A3F /* CurrentShowSelectionTests.swift */,
				3CA495B67F0985C5F9EE88B4 /* CurrentShowSessionTests.swift */,
				B9237AAAE186762F9E1CEDF9 /* ExternalMapAppsTests.swift */,
				E3579A72CB30A5394056D930 /* FootprintArchiveTests.swift */,
				6EDA0EA772B60E3B5CF21C92 /* LocalNotificationSchedulingTests.swift */,
				45468E7A647F2ACE2EA3D71A /* NavigationTests.swift */,
				C0842106D34D68F9F62645A6 /* ProSubscriptionTests.swift */,
				EB7334C72BD3BCF80D90BE2E /* ShowCoverLifecycleTests.swift */,
				592FC3FE627DEF914C6E09D6 /* ShowDraftTests.swift */,
				38E5DDD2EE32C1C5BF52E6F3 /* ShowModelTests.swift */,
				85D3374BAAA8ECAB79C9E2E9 /* ShowPreparationTests.swift */,
				E9FF563A82B32DE497937094 /* VenueAddressAutocompleteTests.swift */,
				85A35737334710F22FC0B3BA /* WidgetSnapshotTests.swift */,
			);
			path = BeforeShowTests;
			sourceTree = "<group>";
		};
		EA543C88EE263FE7B0883B9D /* BeforeShowWidgets */ = {
			isa = PBXGroup;
			children = (
				4A051577C2F323E226F0FB3F /* BeforeShowWidgets.entitlements */,
				B390029F19DC289F4E312F73 /* BeforeShowWidgetsBundle.swift */,
				2ACF97DF4FB82150D04E8ED3 /* CountdownWidget.swift */,
				6B4598A90A4B87490D2AB557 /* CountdownWidgetViews.swift */,
				93756E7EEFF577D4B2A54093 /* ShowLiveActivity.swift */,
				5965430D7BB8B89CFD8B854D /* Supporting */,
			);
			path = BeforeShowWidgets;
			sourceTree = "<group>";
		};
		"TEMP_372DA81F-B96D-47BC-9200-92782882DC86" /* prototypes */ = {
			isa = PBXGroup;
			children = (
			);
			path = prototypes;
			sourceTree = "<group>";
		};
/* End PBXGroup section */

/* Begin PBXNativeTarget section */
		121B05C45B2E4060AF0830C8 /* BeforeShow */ = {
			isa = PBXNativeTarget;
			buildConfigurationList = CB940767875D7521E809969A /* Build configuration list for PBXNativeTarget "BeforeShow" */;
			buildPhases = (
				3298C49C2B7AE2CDC2DEE85A /* Sources */,
				80D0BA9F7A5C886DD6A55BA0 /* Resources */,
				E24301EC7CA95F8697ADA970 /* Embed Foundation Extensions */,
			);
			buildRules = (
			);
			dependencies = (
				B0667A99AE16395E7414E040 /* PBXTargetDependency */,
			);
			name = BeforeShow;
			packageProductDependencies = (
			);
			productName = BeforeShow;
			productReference = 697EFAA942B8BD5B37C63D98 /* BeforeShow.app */;
			productType = "com.apple.product-type.application";
		};
		79B995B62EEB9BEEAFC36974 /* BeforeShowWidgets */ = {
			isa = PBXNativeTarget;
			buildConfigurationList = 5F4F75552DE3A68EBE8DEA1D /* Build configuration list for PBXNativeTarget "BeforeShowWidgets" */;
			buildPhases = (
				7DDCD173DAC995893890F67E /* Sources */,
			);
			buildRules = (
			);
			dependencies = (
			);
			name = BeforeShowWidgets;
			packageProductDependencies = (
			);
			productName = BeforeShowWidgets;
			productReference = 7B46048CB6FE0401F7494316 /* BeforeShowWidgets.appex */;
			productType = "com.apple.product-type.app-extension";
		};
		E4EAD5789E541DDF1AB83799 /* BeforeShowTests */ = {
			isa = PBXNativeTarget;
			buildConfigurationList = 3A3D1AE62253A835ECF27030 /* Build configuration list for PBXNativeTarget "BeforeShowTests" */;
			buildPhases = (
				643B8E10F8855F5D4C2CB027 /* Sources */,
			);
			buildRules = (
			);
			dependencies = (
				1E51D9BDDD987E1D49DE79B6 /* PBXTargetDependency */,
			);
			name = BeforeShowTests;
			packageProductDependencies = (
			);
			productName = BeforeShowTests;
			productReference = 14F49F8632C4C82CF888C346 /* BeforeShowTests.xctest */;
			productType = "com.apple.product-type.bundle.unit-test";
		};
/* End PBXNativeTarget section */

/* Begin PBXProject section */
		6EC6B2E889E3E384A04F7B02 /* Project object */ = {
			isa = PBXProject;
			attributes = {
				BuildIndependentTargetsInParallel = YES;
				LastUpgradeCheck = 2600;
				TargetAttributes = {
					121B05C45B2E4060AF0830C8 = {
						DevelopmentTeam = 29C8MS76CZ;
						ProvisioningStyle = Automatic;
					};
					79B995B62EEB9BEEAFC36974 = {
						DevelopmentTeam = 29C8MS76CZ;
						ProvisioningStyle = Automatic;
					};
					E4EAD5789E541DDF1AB83799 = {
						DevelopmentTeam = 29C8MS76CZ;
						ProvisioningStyle = Automatic;
					};
				};
			};
			buildConfigurationList = 9DB8D31A0D8DBB5CF9A68DDF /* Build configuration list for PBXProject "BeforeShow" */;
			developmentRegion = en;
			hasScannedForEncodings = 0;
			knownRegions = (
				Base,
				en,
			);
			mainGroup = 550DE4448A8D3D8B6390DB57;
			minimizedProjectReferenceProxies = 1;
			preferredProjectObjectVersion = 77;
			productRefGroup = 9FD6C1DD0F3A1E43AF87A723 /* Products */;
			projectDirPath = "";
			projectRoot = "";
			targets = (
				121B05C45B2E4060AF0830C8 /* BeforeShow */,
				E4EAD5789E541DDF1AB83799 /* BeforeShowTests */,
				79B995B62EEB9BEEAFC36974 /* BeforeShowWidgets */,
			);
		};
/* End PBXProject section */

/* Begin PBXResourcesBuildPhase section */
		80D0BA9F7A5C886DD6A55BA0 /* Resources */ = {
			isa = PBXResourcesBuildPhase;
			buildActionMask = 2147483647;
			files = (
				4D79041F40B7E7FE362B6FCF /* Assets.xcassets in Resources */,
				B7ED77892B5A660C67ED731A /* BeforeShow.storekit in Resources */,
				949B381C18AC939AD86218E7 /* LaunchScreen.storyboard in Resources */,
			);
			runOnlyForDeploymentPostprocessing = 0;
		};
/* End PBXResourcesBuildPhase section */

/* Begin PBXSourcesBuildPhase section */
		3298C49C2B7AE2CDC2DEE85A /* Sources */ = {
			isa = PBXSourcesBuildPhase;
			buildActionMask = 2147483647;
			files = (
				C6441D4D225A08FC7C58412F /* AddShowFlowViews.swift in Sources */,
				9B3E6B8021D823C35B2F9F25 /* BeforeShowApp.swift in Sources */,
				94FD1E49ECEE4FF062056C9F /* BeforeShowCloudClient.swift in Sources */,
				689BEC3D340B67A07D1914F1 /* BeforeShowTab.swift in Sources */,
				CF368D664AB88721779E5AE4 /* CloudSharingView.swift in Sources */,
				77C9261C8C7EF065C6EFC2E6 /* CompanionSharing.swift in Sources */,
				9DA1241BEB689DC0F074544C /* CompanionSharingCoordinator.swift in Sources */,
				A2D92809F744D908571FE9B3 /* CurrentShowEndConfirmationSheet.swift in Sources */,
				0748C5592484B1591075BD93 /* CurrentShowEndPolicy.swift in Sources */,
				E5A4DE2182723069FA70EE03 /* CurrentShowFollowUpPolicy.swift in Sources */,
				CFBA48A9F5914681A0F72619 /* CurrentShowSelection.swift in Sources */,
				F557084DF860A0A68B719BE9 /* CurrentShowSession.swift in Sources */,
				D51A452A0E71B0D4F3A2D44D /* CurrentShowTimeState+Show.swift in Sources */,
				194DC2CFE086968B6F011C25 /* CurrentShowTimeState.swift in Sources */,
				CF31DDE4B888DB64B67A3516 /* DesignSystem.swift in Sources */,
				D0CAA6CCFC38B58EEFE57650 /* ExternalMapApps.swift in Sources */,
				5964AE8011162EC47BB941C1 /* FootprintDebugSeeder.swift in Sources */,
				8C985CBE71C9140C5217E52E /* FootprintsArchive.swift in Sources */,
				79018BC2864D314C6A1D2711 /* HomeCountdownCard.swift in Sources */,
				C990EFFAAE6BB33C53D8C335 /* HomeHeroPresentation.swift in Sources */,
				0C8F58FF0811E9E5B48327B6 /* HomeShowPhase.swift in Sources */,
				6BA26BDCA5AF6CA2C335AAB3 /* LiveActivityPlanner.swift in Sources */,
				EADE1D7178E75E6D3AEB0604 /* LocalNotificationScheduling.swift in Sources */,
				B65469936BAFFAAA46A44717 /* ProSubscription.swift in Sources */,
				F738A9FA230B8101EE2FCAC3 /* RootView.swift in Sources */,
				1F047CED4708699FA398A12E /* SettingsSupport.swift in Sources */,
				8E10204EA13439857D3BAB41 /* SettingsViews.swift in Sources */,
				395F372A1231776B7608FEA4 /* Show.swift in Sources */,
				CBA501D5DB755FE43736114D /* ShowDetailViews.swift in Sources */,
				47A3CC86422EA3F3150AC7AF /* ShowDraft.swift in Sources */,
				9E85BC62D53B4E1C8D6899B6 /* ShowLibraryViews.swift in Sources */,
				630D46A29F90B296BE998CDA /* ShowLinkParsingService.swift in Sources */,
				608E14A38ED2DED1CAE15474 /* ShowLiveActivityAttributes.swift in Sources */,
				4CFD3DA4D303E56FBEAB652E /* ShowMutationCoordinator.swift in Sources */,
				CD2AB94968CCFEF1E39B21B9 /* ShowTimingFields.swift in Sources */,
				B14FADC83922B86F8AF056CD /* SplashView.swift in Sources */,
				7CA33D55E88AC51774233A2C /* VenueAddressAutocomplete.swift in Sources */,
				5A8AF2CF74CA5D6E9A78E2B4 /* WidgetCoverCache.swift in Sources */,
				DECE494ED0475E5DCF8BF357 /* WidgetDataSync.swift in Sources */,
				FD5DA7B7C313D0D3EFFEA326 /* WidgetShowSnapshot.swift in Sources */,
				C332BC3929EFC7AF98DDEB54 /* WidgetTimelinePlanner.swift in Sources */,
			);
			runOnlyForDeploymentPostprocessing = 0;
		};
		643B8E10F8855F5D4C2CB027 /* Sources */ = {
			isa = PBXSourcesBuildPhase;
			buildActionMask = 2147483647;
			files = (
				8240F9A3E6F5796938081D84 /* ArchitectureModuleTests.swift in Sources */,
				EB86A04317E0AACC2246AD8F /* BeforeShowCloudClientTests.swift in Sources */,
				61FAC4B071F8678AF24A4811 /* CompanionSharingTests.swift in Sources */,
				BA8FFCFDC791D184272AB7BC /* CurrentShowSelectionTests.swift in Sources */,
				2799BE17D85CCFE1EC0A5444 /* CurrentShowSessionTests.swift in Sources */,
				C1E2DDC9E276A03A4531EE61 /* ExternalMapAppsTests.swift in Sources */,
				727508C356644EA972FD2107 /* FootprintArchiveTests.swift in Sources */,
				479EDB16C034E37FCA30ACD0 /* LocalNotificationSchedulingTests.swift in Sources */,
				D8563EE0464C5D66ABA6C679 /* NavigationTests.swift in Sources */,
				DD566A77F9761313031AA027 /* ProSubscriptionTests.swift in Sources */,
				006C52B3ADEEF3D12108EE95 /* ShowCoverLifecycleTests.swift in Sources */,
				12F9177D8A12B3AB9D7612A4 /* ShowDraftTests.swift in Sources */,
				1B7BAAB5C6DC9FCFE8EB69DE /* ShowModelTests.swift in Sources */,
				12DBB9D4A998EAE716094037 /* ShowPreparationTests.swift in Sources */,
				7271D905B1F2AF6141262DE1 /* VenueAddressAutocompleteTests.swift in Sources */,
				90262D5A64C22DAE56C48F2F /* WidgetSnapshotTests.swift in Sources */,
			);
			runOnlyForDeploymentPostprocessing = 0;
		};
		7DDCD173DAC995893890F67E /* Sources */ = {
			isa = PBXSourcesBuildPhase;
			buildActionMask = 2147483647;
			files = (
				F0C061B50A78016F5B585543 /* BeforeShowWidgetsBundle.swift in Sources */,
				E746F0E8E592F7AE15C15A0B /* CountdownWidget.swift in Sources */,
				7A9596E946899003C48A41C2 /* CountdownWidgetViews.swift in Sources */,
				5BB2F65C49A077E5B8BAD207 /* CurrentShowTimeState.swift in Sources */,
				70F6EEDA00AF78AFD8A3213D /* HomeShowPhase.swift in Sources */,
				6B7842578C77CA426C4DF7B8 /* LiveActivityPlanner.swift in Sources */,
				298AA52E59C6A63900222197 /* ShowLiveActivity.swift in Sources */,
				8245DA7CF2D917097ED185AA /* ShowLiveActivityAttributes.swift in Sources */,
				CCEC11CAC80F6EF000172B2C /* ShowTimingFields.swift in Sources */,
				0680B0F4DCCA5ED3CA8201A2 /* WidgetCoverCache.swift in Sources */,
				632162FBDC297B15A3177ABA /* WidgetShowSnapshot.swift in Sources */,
				139793E7F8784E714606B08D /* WidgetTimelinePlanner.swift in Sources */,
			);
			runOnlyForDeploymentPostprocessing = 0;
		};
/* End PBXSourcesBuildPhase section */

/* Begin PBXTargetDependency section */
		1E51D9BDDD987E1D49DE79B6 /* PBXTargetDependency */ = {
			isa = PBXTargetDependency;
			target = 121B05C45B2E4060AF0830C8 /* BeforeShow */;
			targetProxy = 494F33EDCEBAD3534B51A9B5 /* PBXContainerItemProxy */;
		};
		B0667A99AE16395E7414E040 /* PBXTargetDependency */ = {
			isa = PBXTargetDependency;
			target = 79B995B62EEB9BEEAFC36974 /* BeforeShowWidgets */;
			targetProxy = 1340DC855EB7EE81346920C6 /* PBXContainerItemProxy */;
		};
/* End PBXTargetDependency section */

/* Begin XCBuildConfiguration section */
		1D382DB0B272D7B27686FBC5 /* Release */ = {
			isa = XCBuildConfiguration;
			buildSettings = {
				ALWAYS_SEARCH_USER_PATHS = NO;
				CLANG_ANALYZER_NONNULL = YES;
				CLANG_ANALYZER_NUMBER_OBJECT_CONVERSION = YES_AGGRESSIVE;
				CLANG_CXX_LANGUAGE_STANDARD = "gnu++14";
				CLANG_CXX_LIBRARY = "libc++";
				CLANG_ENABLE_MODULES = YES;
				CLANG_ENABLE_OBJC_ARC = YES;
				CLANG_ENABLE_OBJC_WEAK = YES;
				CLANG_WARN_BLOCK_CAPTURE_AUTORELEASING = YES;
				CLANG_WARN_BOOL_CONVERSION = YES;
				CLANG_WARN_COMMA = YES;
				CLANG_WARN_CONSTANT_CONVERSION = YES;
				CLANG_WARN_DEPRECATED_OBJC_IMPLEMENTATIONS = YES;
				CLANG_WARN_DIRECT_OBJC_ISA_USAGE = YES_ERROR;
				CLANG_WARN_DOCUMENTATION_COMMENTS = YES;
				CLANG_WARN_EMPTY_BODY = YES;
				CLANG_WARN_ENUM_CONVERSION = YES;
				CLANG_WARN_INFINITE_RECURSION = YES;
				CLANG_WARN_INT_CONVERSION = YES;
				CLANG_WARN_NON_LITERAL_NULL_CONVERSION = YES;
				CLANG_WARN_OBJC_IMPLICIT_RETAIN_SELF = YES;
				CLANG_WARN_OBJC_LITERAL_CONVERSION = YES;
				CLANG_WARN_OBJC_ROOT_CLASS = YES_ERROR;
				CLANG_WARN_QUOTED_INCLUDE_IN_FRAMEWORK_HEADER = YES;
				CLANG_WARN_RANGE_LOOP_ANALYSIS = YES;
				CLANG_WARN_STRICT_PROTOTYPES = YES;
				CLANG_WARN_SUSPICIOUS_MOVE = YES;
				CLANG_WARN_UNGUARDED_AVAILABILITY = YES_AGGRESSIVE;
				CLANG_WARN_UNREACHABLE_CODE = YES;
				CLANG_WARN__DUPLICATE_METHOD_MATCH = YES;
				CODE_SIGN_STYLE = Automatic;
				COPY_PHASE_STRIP = NO;
				CURRENT_PROJECT_VERSION = 1;
				DEBUG_INFORMATION_FORMAT = "dwarf-with-dsym";
				DEVELOPMENT_TEAM = 29C8MS76CZ;
				ENABLE_NS_ASSERTIONS = NO;
				ENABLE_STRICT_OBJC_MSGSEND = YES;
				GCC_C_LANGUAGE_STANDARD = gnu11;
				GCC_NO_COMMON_BLOCKS = YES;
				GCC_WARN_64_TO_32_BIT_CONVERSION = YES;
				GCC_WARN_ABOUT_RETURN_TYPE = YES_ERROR;
				GCC_WARN_UNDECLARED_SELECTOR = YES;
				GCC_WARN_UNINITIALIZED_AUTOS = YES_AGGRESSIVE;
				GCC_WARN_UNUSED_FUNCTION = YES;
				GCC_WARN_UNUSED_VARIABLE = YES;
				IPHONEOS_DEPLOYMENT_TARGET = 17.0;
				MARKETING_VERSION = 1.0;
				MTL_ENABLE_DEBUG_INFO = NO;
				MTL_FAST_MATH = YES;
				PRODUCT_NAME = "$(TARGET_NAME)";
				SDKROOT = iphoneos;
				SWIFT_COMPILATION_MODE = wholemodule;
				SWIFT_OPTIMIZATION_LEVEL = "-O";
				SWIFT_VERSION = 6.0;
			};
			name = Release;
		};
		3595B65B35A7780EC52DE93A /* Debug */ = {
			isa = XCBuildConfiguration;
			buildSettings = {
				ALWAYS_SEARCH_USER_PATHS = NO;
				CLANG_ANALYZER_NONNULL = YES;
				CLANG_ANALYZER_NUMBER_OBJECT_CONVERSION = YES_AGGRESSIVE;
				CLANG_CXX_LANGUAGE_STANDARD = "gnu++14";
				CLANG_CXX_LIBRARY = "libc++";
				CLANG_ENABLE_MODULES = YES;
				CLANG_ENABLE_OBJC_ARC = YES;
				CLANG_ENABLE_OBJC_WEAK = YES;
				CLANG_WARN_BLOCK_CAPTURE_AUTORELEASING = YES;
				CLANG_WARN_BOOL_CONVERSION = YES;
				CLANG_WARN_COMMA = YES;
				CLANG_WARN_CONSTANT_CONVERSION = YES;
				CLANG_WARN_DEPRECATED_OBJC_IMPLEMENTATIONS = YES;
				CLANG_WARN_DIRECT_OBJC_ISA_USAGE = YES_ERROR;
				CLANG_WARN_DOCUMENTATION_COMMENTS = YES;
				CLANG_WARN_EMPTY_BODY = YES;
				CLANG_WARN_ENUM_CONVERSION = YES;
				CLANG_WARN_INFINITE_RECURSION = YES;
				CLANG_WARN_INT_CONVERSION = YES;
				CLANG_WARN_NON_LITERAL_NULL_CONVERSION = YES;
				CLANG_WARN_OBJC_IMPLICIT_RETAIN_SELF = YES;
				CLANG_WARN_OBJC_LITERAL_CONVERSION = YES;
				CLANG_WARN_OBJC_ROOT_CLASS = YES_ERROR;
				CLANG_WARN_QUOTED_INCLUDE_IN_FRAMEWORK_HEADER = YES;
				CLANG_WARN_RANGE_LOOP_ANALYSIS = YES;
				CLANG_WARN_STRICT_PROTOTYPES = YES;
				CLANG_WARN_SUSPICIOUS_MOVE = YES;
				CLANG_WARN_UNGUARDED_AVAILABILITY = YES_AGGRESSIVE;
				CLANG_WARN_UNREACHABLE_CODE = YES;
				CLANG_WARN__DUPLICATE_METHOD_MATCH = YES;
				CODE_SIGN_STYLE = Automatic;
				COPY_PHASE_STRIP = NO;
				CURRENT_PROJECT_VERSION = 1;
				DEBUG_INFORMATION_FORMAT = dwarf;
				DEVELOPMENT_TEAM = 29C8MS76CZ;
				ENABLE_STRICT_OBJC_MSGSEND = YES;
				ENABLE_TESTABILITY = YES;
				GCC_C_LANGUAGE_STANDARD = gnu11;
				GCC_DYNAMIC_NO_PIC = NO;
				GCC_NO_COMMON_BLOCKS = YES;
				GCC_OPTIMIZATION_LEVEL = 0;
				GCC_PREPROCESSOR_DEFINITIONS = (
					"$(inherited)",
					"DEBUG=1",
				);
				GCC_WARN_64_TO_32_BIT_CONVERSION = YES;
				GCC_WARN_ABOUT_RETURN_TYPE = YES_ERROR;
				GCC_WARN_UNDECLARED_SELECTOR = YES;
				GCC_WARN_UNINITIALIZED_AUTOS = YES_AGGRESSIVE;
				GCC_WARN_UNUSED_FUNCTION = YES;
				GCC_WARN_UNUSED_VARIABLE = YES;
				IPHONEOS_DEPLOYMENT_TARGET = 17.0;
				MARKETING_VERSION = 1.0;
				MTL_ENABLE_DEBUG_INFO = INCLUDE_SOURCE;
				MTL_FAST_MATH = YES;
				ONLY_ACTIVE_ARCH = YES;
				PRODUCT_NAME = "$(TARGET_NAME)";
				SDKROOT = iphoneos;
				SWIFT_ACTIVE_COMPILATION_CONDITIONS = DEBUG;
				SWIFT_OPTIMIZATION_LEVEL = "-Onone";
				SWIFT_VERSION = 6.0;
			};
			name = Debug;
		};
		4FE8DFBC5B65490A912F5A3D /* Debug */ = {
			isa = XCBuildConfiguration;
			buildSettings = {
				CODE_SIGN_ENTITLEMENTS = BeforeShowWidgets/BeforeShowWidgets.entitlements;
				ENABLE_USER_SCRIPT_SANDBOXING = YES;
				INFOPLIST_FILE = BeforeShowWidgets/Supporting/Info.plist;
				LD_RUNPATH_SEARCH_PATHS = (
					"$(inherited)",
					"@executable_path/Frameworks",
					"@executable_path/../../Frameworks",
				);
				PRODUCT_BUNDLE_IDENTIFIER = com.doublewaterapps.beforeshow.widgets;
				PRODUCT_NAME = BeforeShowWidgets;
				SDKROOT = iphoneos;
				TARGETED_DEVICE_FAMILY = 1;
			};
			name = Debug;
		};
		69C066AD6889B162B0F9DB5A /* Release */ = {
			isa = XCBuildConfiguration;
			buildSettings = {
				BUNDLE_LOADER = "$(TEST_HOST)";
				GENERATE_INFOPLIST_FILE = YES;
				LD_RUNPATH_SEARCH_PATHS = (
					"$(inherited)",
					"@executable_path/Frameworks",
					"@loader_path/Frameworks",
				);
				PRODUCT_BUNDLE_IDENTIFIER = com.doublewaterapps.beforeshow.tests;
				SDKROOT = iphoneos;
				TARGETED_DEVICE_FAMILY = "1,2";
				TEST_HOST = "$(BUILT_PRODUCTS_DIR)/BeforeShow.app/BeforeShow";
			};
			name = Release;
		};
		6BC7E62ADB8FD8997C092148 /* Release */ = {
			isa = XCBuildConfiguration;
			buildSettings = {
				CODE_SIGN_ENTITLEMENTS = BeforeShowWidgets/BeforeShowWidgets.entitlements;
				ENABLE_USER_SCRIPT_SANDBOXING = YES;
				INFOPLIST_FILE = BeforeShowWidgets/Supporting/Info.plist;
				LD_RUNPATH_SEARCH_PATHS = (
					"$(inherited)",
					"@executable_path/Frameworks",
					"@executable_path/../../Frameworks",
				);
				PRODUCT_BUNDLE_IDENTIFIER = com.doublewaterapps.beforeshow.widgets;
				PRODUCT_NAME = BeforeShowWidgets;
				SDKROOT = iphoneos;
				TARGETED_DEVICE_FAMILY = 1;
			};
			name = Release;
		};
		88FA85BCB0A40C1D8543447F /* Debug */ = {
			isa = XCBuildConfiguration;
			buildSettings = {
				ASSETCATALOG_COMPILER_APPICON_NAME = AppIcon;
				ASSETCATALOG_COMPILER_GLOBAL_ACCENT_COLOR_NAME = AccentColor;
				CODE_SIGN_ENTITLEMENTS = BeforeShow/BeforeShow.entitlements;
				CODE_SIGN_IDENTITY = "iPhone Developer";
				ENABLE_USER_SCRIPT_SANDBOXING = YES;
				INFOPLIST_FILE = BeforeShow/Supporting/Info.plist;
				LD_RUNPATH_SEARCH_PATHS = (
					"$(inherited)",
					"@executable_path/Frameworks",
				);
				PRODUCT_BUNDLE_IDENTIFIER = com.doublewaterapps.beforeshow;
				PRODUCT_NAME = BeforeShow;
				SDKROOT = iphoneos;
				SUPPORTS_MACCATALYST = NO;
				SUPPORTS_MAC_DESIGNED_FOR_IPHONE_IPAD = NO;
				TARGETED_DEVICE_FAMILY = 1;
				UILAUNCHSTORYBOARDNAME = LaunchScreen;
			};
			name = Debug;
		};
		AB77FDF7FA071F47ECCE9B53 /* Debug */ = {
			isa = XCBuildConfiguration;
			buildSettings = {
				BUNDLE_LOADER = "$(TEST_HOST)";
				GENERATE_INFOPLIST_FILE = YES;
				LD_RUNPATH_SEARCH_PATHS = (
					"$(inherited)",
					"@executable_path/Frameworks",
					"@loader_path/Frameworks",
				);
				PRODUCT_BUNDLE_IDENTIFIER = com.doublewaterapps.beforeshow.tests;
				SDKROOT = iphoneos;
				TARGETED_DEVICE_FAMILY = "1,2";
				TEST_HOST = "$(BUILT_PRODUCTS_DIR)/BeforeShow.app/BeforeShow";
			};
			name = Debug;
		};
		C7AC604CA902FE217FF73C62 /* Release */ = {
			isa = XCBuildConfiguration;
			buildSettings = {
				ASSETCATALOG_COMPILER_APPICON_NAME = AppIcon;
				ASSETCATALOG_COMPILER_GLOBAL_ACCENT_COLOR_NAME = AccentColor;
				CODE_SIGN_ENTITLEMENTS = BeforeShow/BeforeShow.entitlements;
				CODE_SIGN_IDENTITY = "iPhone Developer";
				ENABLE_USER_SCRIPT_SANDBOXING = YES;
				INFOPLIST_FILE = BeforeShow/Supporting/Info.plist;
				LD_RUNPATH_SEARCH_PATHS = (
					"$(inherited)",
					"@executable_path/Frameworks",
				);
				PRODUCT_BUNDLE_IDENTIFIER = com.doublewaterapps.beforeshow;
				PRODUCT_NAME = BeforeShow;
				SDKROOT = iphoneos;
				SUPPORTS_MACCATALYST = NO;
				SUPPORTS_MAC_DESIGNED_FOR_IPHONE_IPAD = NO;
				TARGETED_DEVICE_FAMILY = 1;
				UILAUNCHSTORYBOARDNAME = LaunchScreen;
			};
			name = Release;
		};
/* End XCBuildConfiguration section */

/* Begin XCConfigurationList section */
		3A3D1AE62253A835ECF27030 /* Build configuration list for PBXNativeTarget "BeforeShowTests" */ = {
			isa = XCConfigurationList;
			buildConfigurations = (
				AB77FDF7FA071F47ECCE9B53 /* Debug */,
				69C066AD6889B162B0F9DB5A /* Release */,
			);
			defaultConfigurationIsVisible = 0;
			defaultConfigurationName = Debug;
		};
		5F4F75552DE3A68EBE8DEA1D /* Build configuration list for PBXNativeTarget "BeforeShowWidgets" */ = {
			isa = XCConfigurationList;
			buildConfigurations = (
				4FE8DFBC5B65490A912F5A3D /* Debug */,
				6BC7E62ADB8FD8997C092148 /* Release */,
			);
			defaultConfigurationIsVisible = 0;
			defaultConfigurationName = Debug;
		};
		9DB8D31A0D8DBB5CF9A68DDF /* Build configuration list for PBXProject "BeforeShow" */ = {
			isa = XCConfigurationList;
			buildConfigurations = (
				3595B65B35A7780EC52DE93A /* Debug */,
				1D382DB0B272D7B27686FBC5 /* Release */,
			);
			defaultConfigurationIsVisible = 0;
			defaultConfigurationName = Debug;
		};
		CB940767875D7521E809969A /* Build configuration list for PBXNativeTarget "BeforeShow" */ = {
			isa = XCConfigurationList;
			buildConfigurations = (
				88FA85BCB0A40C1D8543447F /* Debug */,
				C7AC604CA902FE217FF73C62 /* Release */,
			);
			defaultConfigurationIsVisible = 0;
			defaultConfigurationName = Debug;
		};
/* End XCConfigurationList section */
	};
	rootObject = 6EC6B2E889E3E384A04F7B02 /* Project object */;
}
